PODS:
  - DropDown (2.3.13)
  - Kingfisher (7.3.2)

DEPENDENCIES:
  - DropDown
  - Kingfisher

SPEC REPOS:
  trunk:
    - DropDown
    - Kingfisher

SPEC CHECKSUMS:
  DropDown: 8a2116376c1981888557f72ec2ffc9a5e0e456ec
  Kingfisher: 0086ad83719761ba9b2cdaf6ef4d5b4878cbae23

PODFILE CHECKSUM: 17ad7962eaceb8af9619c2d6c88fe34a4f1be87b

COCOAPODS: 1.11.3
