// !$*UTF8*$!
{
	archiveVersion = 1;
	classes = {
	};
	objectVersion = 55;
	objects = {

/* Begin PBXBuildFile section */
		AB17127F287A1D62000CE259 /* PhotosResponse.swift in Sources */ = {isa = PBXBuildFile; fileRef = AB17127E287A1D62000CE259 /* PhotosResponse.swift */; };
		AB171281287A1E84000CE259 /* CollectionsResponse.swift in Sources */ = {isa = PBXBuildFile; fileRef = AB171280287A1E84000CE259 /* CollectionsResponse.swift */; };
		AB21E23728662B330014BDF5 /* CatsSimpleAppApp.swift in Sources */ = {isa = PBXBuildFile; fileRef = AB21E23628662B330014BDF5 /* CatsSimpleAppApp.swift */; };
		AB21E24028662B350014BDF5 /* Assets.xcassets in Resources */ = {isa = PBXBuildFile; fileRef = AB21E23F28662B350014BDF5 /* Assets.xcassets */; };
		AB21E28428662D0E0014BDF5 /* NetworkService.swift in Sources */ = {isa = PBXBuildFile; fileRef = AB21E25C28662D0E0014BDF5 /* NetworkService.swift */; };
		AB21E28628662D0E0014BDF5 /* ServiceHolder.swift in Sources */ = {isa = PBXBuildFile; fileRef = AB21E26028662D0E0014BDF5 /* ServiceHolder.swift */; };
		AB21E28728662D0E0014BDF5 /* AppRouter.swift in Sources */ = {isa = PBXBuildFile; fileRef = AB21E26228662D0E0014BDF5 /* AppRouter.swift */; };
		AB21E28A28662D0E0014BDF5 /* PhotoDetailsViewModel.swift in Sources */ = {isa = PBXBuildFile; fileRef = AB21E26828662D0E0014BDF5 /* PhotoDetailsViewModel.swift */; };
		AB21E28C28662D0E0014BDF5 /* PhotoDetailsView.swift in Sources */ = {isa = PBXBuildFile; fileRef = AB21E26A28662D0E0014BDF5 /* PhotoDetailsView.swift */; };
		AB21E29028662D0E0014BDF5 /* PhotosListViewModel.swift in Sources */ = {isa = PBXBuildFile; fileRef = AB21E26F28662D0E0014BDF5 /* PhotosListViewModel.swift */; };
		AB21E29128662D0E0014BDF5 /* PhotosListView.swift in Sources */ = {isa = PBXBuildFile; fileRef = AB21E27028662D0E0014BDF5 /* PhotosListView.swift */; };
		AB21E29228662D0E0014BDF5 /* StorageHelper.swift in Sources */ = {isa = PBXBuildFile; fileRef = AB21E27228662D0E0014BDF5 /* StorageHelper.swift */; };
		AB21E29328662D0E0014BDF5 /* Defines.swift in Sources */ = {isa = PBXBuildFile; fileRef = AB21E27328662D0E0014BDF5 /* Defines.swift */; };
		AB93A27F286F783100771549 /* RsAPIError.swift in Sources */ = {isa = PBXBuildFile; fileRef = AB93A260286F783100771549 /* RsAPIError.swift */; };
		AB93A28B286F93C700771549 /* PhotosLoader.swift in Sources */ = {isa = PBXBuildFile; fileRef = AB93A28A286F93C700771549 /* PhotosLoader.swift */; };
		AB93A2972870F76F00771549 /* Links.swift in Sources */ = {isa = PBXBuildFile; fileRef = AB93A2962870F76F00771549 /* Links.swift */; };
		AB93A29E28720D4500771549 /* PhotoDetailsHeaderView.swift in Sources */ = {isa = PBXBuildFile; fileRef = AB93A29D28720D4500771549 /* PhotoDetailsHeaderView.swift */; };
		AB93A2B328723CD300771549 /* TextDescriptionRow.swift in Sources */ = {isa = PBXBuildFile; fileRef = AB93A2B128723CD300771549 /* TextDescriptionRow.swift */; };
		AB93A2B828723E6000771549 /* ImageTextRow.swift in Sources */ = {isa = PBXBuildFile; fileRef = AB93A2B628723E6000771549 /* ImageTextRow.swift */; };
		ABEF189D28F3361E00250648 /* BreedsListView.swift in Sources */ = {isa = PBXBuildFile; fileRef = ABEF189C28F3361E00250648 /* BreedsListView.swift */; };
		ABEF18A128F3364700250648 /* BreedsListViewModel.swift in Sources */ = {isa = PBXBuildFile; fileRef = ABEF18A028F3364700250648 /* BreedsListViewModel.swift */; };
		ABEF18A528F33CBE00250648 /* BreedRow.swift in Sources */ = {isa = PBXBuildFile; fileRef = ABEF18A328F33CBE00250648 /* BreedRow.swift */; };
		ABEF18A828F33ED400250648 /* BreedsLoader.swift in Sources */ = {isa = PBXBuildFile; fileRef = ABEF18A728F33ED400250648 /* BreedsLoader.swift */; };
		ABEF18AD28F351FA00250648 /* BreedDetailsViewModel.swift in Sources */ = {isa = PBXBuildFile; fileRef = ABEF18AC28F351FA00250648 /* BreedDetailsViewModel.swift */; };
		ABEF18B128F3533A00250648 /* BreedDetailsView.swift in Sources */ = {isa = PBXBuildFile; fileRef = ABEF18B028F3533A00250648 /* BreedDetailsView.swift */; };
		ABEF18B528F364AF00250648 /* TagsRow.swift in Sources */ = {isa = PBXBuildFile; fileRef = ABEF18B328F364AF00250648 /* TagsRow.swift */; };
		ABEF18BA28F364F000250648 /* RatingRow.swift in Sources */ = {isa = PBXBuildFile; fileRef = ABEF18B828F364F000250648 /* RatingRow.swift */; };
		ABEF18BF28F3651F00250648 /* LinkRow.swift in Sources */ = {isa = PBXBuildFile; fileRef = ABEF18BD28F3651F00250648 /* LinkRow.swift */; };
		FCD591BF2FEC6A9E003B0772 /* View+.swift in Sources */ = {isa = PBXBuildFile; fileRef = FCD591BE2FEC6A9A003B0772 /* View+.swift */; };
		FCD591C12FEC6B1D003B0772 /* Style.swift in Sources */ = {isa = PBXBuildFile; fileRef = FCD591C02FEC6B1A003B0772 /* Style.swift */; };
		FCD591C32FEC7239003B0772 /* String+URL.swift in Sources */ = {isa = PBXBuildFile; fileRef = FCD591C22FEC7237003B0772 /* String+URL.swift */; };
		FCD591C92FEC7383003B0772 /* Localizable.xcstrings in Resources */ = {isa = PBXBuildFile; fileRef = FCD591C82FEC7383003B0772 /* Localizable.xcstrings */; };
/* End PBXBuildFile section */

/* Begin PBXFileReference section */
		AB17127E287A1D62000CE259 /* PhotosResponse.swift */ = {isa = PBXFileReference; lastKnownFileType = sourcecode.swift; path = PhotosResponse.swift; sourceTree = "<group>"; };
		AB171280287A1E84000CE259 /* CollectionsResponse.swift */ = {isa = PBXFileReference; lastKnownFileType = sourcecode.swift; path = CollectionsResponse.swift; sourceTree = "<group>"; };
		AB21E23328662B330014BDF5 /* CatsSimpleApp.app */ = {isa = PBXFileReference; explicitFileType = wrapper.application; includeInIndex = 0; path = CatsSimpleApp.app; sourceTree = BUILT_PRODUCTS_DIR; };
		AB21E23628662B330014BDF5 /* CatsSimpleAppApp.swift */ = {isa = PBXFileReference; lastKnownFileType = sourcecode.swift; path = CatsSimpleAppApp.swift; sourceTree = "<group>"; };
		AB21E23F28662B350014BDF5 /* Assets.xcassets */ = {isa = PBXFileReference; lastKnownFileType = folder.assetcatalog; path = Assets.xcassets; sourceTree = "<group>"; };
		AB21E24428662B350014BDF5 /* Info.plist */ = {isa = PBXFileReference; lastKnownFileType = text.plist.xml; path = Info.plist; sourceTree = "<group>"; };
		AB21E25C28662D0E0014BDF5 /* NetworkService.swift */ = {isa = PBXFileReference; fileEncoding = 4; lastKnownFileType = sourcecode.swift; path = NetworkService.swift; sourceTree = "<group>"; };
		AB21E26028662D0E0014BDF5 /* ServiceHolder.swift */ = {isa = PBXFileReference; fileEncoding = 4; lastKnownFileType = sourcecode.swift; path = ServiceHolder.swift; sourceTree = "<group>"; };
		AB21E26228662D0E0014BDF5 /* AppRouter.swift */ = {isa = PBXFileReference; fileEncoding = 4; lastKnownFileType = sourcecode.swift; path = AppRouter.swift; sourceTree = "<group>"; };
		AB21E26828662D0E0014BDF5 /* PhotoDetailsViewModel.swift */ = {isa = PBXFileReference; fileEncoding = 4; lastKnownFileType = sourcecode.swift; path = PhotoDetailsViewModel.swift; sourceTree = "<group>"; };
		AB21E26A28662D0E0014BDF5 /* PhotoDetailsView.swift */ = {isa = PBXFileReference; fileEncoding = 4; lastKnownFileType = sourcecode.swift; path = PhotoDetailsView.swift; sourceTree = "<group>"; };
		AB21E26F28662D0E0014BDF5 /* PhotosListViewModel.swift */ = {isa = PBXFileReference; fileEncoding = 4; lastKnownFileType = sourcecode.swift; path = PhotosListViewModel.swift; sourceTree = "<group>"; };
		AB21E27028662D0E0014BDF5 /* PhotosListView.swift */ = {isa = PBXFileReference; fileEncoding = 4; lastKnownFileType = sourcecode.swift; path = PhotosListView.swift; sourceTree = "<group>"; };
		AB21E27228662D0E0014BDF5 /* StorageHelper.swift */ = {isa = PBXFileReference; fileEncoding = 4; lastKnownFileType = sourcecode.swift; path = StorageHelper.swift; sourceTree = "<group>"; };
		AB21E27328662D0E0014BDF5 /* Defines.swift */ = {isa = PBXFileReference; fileEncoding = 4; lastKnownFileType = sourcecode.swift; path = Defines.swift; sourceTree = "<group>"; };
		AB93A260286F783100771549 /* RsAPIError.swift */ = {isa = PBXFileReference; fileEncoding = 4; lastKnownFileType = sourcecode.swift; path = RsAPIError.swift; sourceTree = "<group>"; };
		AB93A28A286F93C700771549 /* PhotosLoader.swift */ = {isa = PBXFileReference; lastKnownFileType = sourcecode.swift; path = PhotosLoader.swift; sourceTree = "<group>"; };
		AB93A2962870F76F00771549 /* Links.swift */ = {isa = PBXFileReference; lastKnownFileType = sourcecode.swift; path = Links.swift; sourceTree = "<group>"; };
		AB93A29D28720D4500771549 /* PhotoDetailsHeaderView.swift */ = {isa = PBXFileReference; lastKnownFileType = sourcecode.swift; path = PhotoDetailsHeaderView.swift; sourceTree = "<group>"; };
		AB93A2B128723CD300771549 /* TextDescriptionRow.swift */ = {isa = PBXFileReference; lastKnownFileType = sourcecode.swift; path = TextDescriptionRow.swift; sourceTree = "<group>"; };
		AB93A2B628723E6000771549 /* ImageTextRow.swift */ = {isa = PBXFileReference; lastKnownFileType = sourcecode.swift; path = ImageTextRow.swift; sourceTree = "<group>"; };
		ABEF189C28F3361E00250648 /* BreedsListView.swift */ = {isa = PBXFileReference; lastKnownFileType = sourcecode.swift; path = BreedsListView.swift; sourceTree = "<group>"; };
		ABEF18A028F3364700250648 /* BreedsListViewModel.swift */ = {isa = PBXFileReference; lastKnownFileType = sourcecode.swift; path = BreedsListViewModel.swift; sourceTree = "<group>"; };
		ABEF18A328F33CBE00250648 /* BreedRow.swift */ = {isa = PBXFileReference; lastKnownFileType = sourcecode.swift; path = BreedRow.swift; sourceTree = "<group>"; };
		ABEF18A728F33ED400250648 /* BreedsLoader.swift */ = {isa = PBXFileReference; lastKnownFileType = sourcecode.swift; path = BreedsLoader.swift; sourceTree = "<group>"; };
		ABEF18AC28F351FA00250648 /* BreedDetailsViewModel.swift */ = {isa = PBXFileReference; lastKnownFileType = sourcecode.swift; path = BreedDetailsViewModel.swift; sourceTree = "<group>"; };
		ABEF18B028F3533A00250648 /* BreedDetailsView.swift */ = {isa = PBXFileReference; lastKnownFileType = sourcecode.swift; path = BreedDetailsView.swift; sourceTree = "<group>"; };
		ABEF18B328F364AF00250648 /* TagsRow.swift */ = {isa = PBXFileReference; lastKnownFileType = sourcecode.swift; path = TagsRow.swift; sourceTree = "<group>"; };
		ABEF18B828F364F000250648 /* RatingRow.swift */ = {isa = PBXFileReference; lastKnownFileType = sourcecode.swift; path = RatingRow.swift; sourceTree = "<group>"; };
		ABEF18BD28F3651F00250648 /* LinkRow.swift */ = {isa = PBXFileReference; lastKnownFileType = sourcecode.swift; path = LinkRow.swift; sourceTree = "<group>"; };
		FCD591BE2FEC6A9A003B0772 /* View+.swift */ = {isa = PBXFileReference; lastKnownFileType = sourcecode.swift; path = "View+.swift"; sourceTree = "<group>"; };
		FCD591C02FEC6B1A003B0772 /* Style.swift */ = {isa = PBXFileReference; lastKnownFileType = sourcecode.swift; path = Style.swift; sourceTree = "<group>"; };
		FCD591C22FEC7237003B0772 /* String+URL.swift */ = {isa = PBXFileReference; lastKnownFileType = sourcecode.swift; path = "String+URL.swift"; sourceTree = "<group>"; };
		FCD591C82FEC7383003B0772 /* Localizable.xcstrings */ = {isa = PBXFileReference; lastKnownFileType = text.json.xcstrings; path = Localizable.xcstrings; sourceTree = "<group>"; };
/* End PBXFileReference section */

/* Begin PBXFrameworksBuildPhase section */
		AB21E23028662B330014BDF5 /* Frameworks */ = {
			isa = PBXFrameworksBuildPhase;
			buildActionMask = 2147483647;
			files = (
			);
			runOnlyForDeploymentPostprocessing = 0;
		};
/* End PBXFrameworksBuildPhase section */

/* Begin PBXGroup section */
		AB21E22A28662B330014BDF5 = {
			isa = PBXGroup;
			children = (
				AB21E23528662B330014BDF5 /* CatsSimpleApp */,
				AB21E23428662B330014BDF5 /* Products */,
			);
			sourceTree = "<group>";
		};
		AB21E23428662B330014BDF5 /* Products */ = {
			isa = PBXGroup;
			children = (
				AB21E23328662B330014BDF5 /* CatsSimpleApp.app */,
			);
			name = Products;
			sourceTree = "<group>";
		};
		AB21E23528662B330014BDF5 /* CatsSimpleApp */ = {
			isa = PBXGroup;
			children = (
				FCD591C42FEC733E003B0772 /* Resources */,
				ABCF4B5F2866542600F7984B /* Application */,
				AB21E26628662D0E0014BDF5 /* Screens */,
				AB21E24A28662D0D0014BDF5 /* CustomUI */,
				AB21E27528662D0E0014BDF5 /* Models */,
				AB21E24F28662D0E0014BDF5 /* Extensions */,
				AB21E27128662D0E0014BDF5 /* Helpers */,
				AB93A245286F783100771549 /* Networking */,
				AB21E25B28662D0E0014BDF5 /* Services */,
				AB21E23F28662B350014BDF5 /* Assets.xcassets */,
				AB21E24428662B350014BDF5 /* Info.plist */,
			);
			path = CatsSimpleApp;
			sourceTree = "<group>";
		};
		AB21E24A28662D0D0014BDF5 /* CustomUI */ = {
			isa = PBXGroup;
			children = (
				ABEF18B828F364F000250648 /* RatingRow.swift */,
				ABEF18BD28F3651F00250648 /* LinkRow.swift */,
				ABEF18A328F33CBE00250648 /* BreedRow.swift */,
				AB93A2B628723E6000771549 /* ImageTextRow.swift */,
				ABEF18B328F364AF00250648 /* TagsRow.swift */,
				AB93A2B128723CD300771549 /* TextDescriptionRow.swift */,
				AB93A29D28720D4500771549 /* PhotoDetailsHeaderView.swift */,
			);
			path = CustomUI;
			sourceTree = "<group>";
		};
		AB21E24F28662D0E0014BDF5 /* Extensions */ = {
			isa = PBXGroup;
			children = (
				FCD591C22FEC7237003B0772 /* String+URL.swift */,
				FCD591BE2FEC6A9A003B0772 /* View+.swift */,
			);
			path = Extensions;
			sourceTree = "<group>";
		};
		AB21E25B28662D0E0014BDF5 /* Services */ = {
			isa = PBXGroup;
			children = (
				AB21E26028662D0E0014BDF5 /* ServiceHolder.swift */,
				AB93A28A286F93C700771549 /* PhotosLoader.swift */,
				ABEF18A728F33ED400250648 /* BreedsLoader.swift */,
			);
			path = Services;
			sourceTree = "<group>";
		};
		AB21E26628662D0E0014BDF5 /* Screens */ = {
			isa = PBXGroup;
			children = (
				ABEF189928F335CD00250648 /* BreedsList */,
				ABEF18A928F3517800250648 /* BreedDetails */,
				AB21E26728662D0E0014BDF5 /* PhotoDetails */,
				AB21E26C28662D0E0014BDF5 /* PhotosList */,
			);
			path = Screens;
			sourceTree = "<group>";
		};
		AB21E26728662D0E0014BDF5 /* PhotoDetails */ = {
			isa = PBXGroup;
			children = (
				AB21E26828662D0E0014BDF5 /* PhotoDetailsViewModel.swift */,
				AB21E26A28662D0E0014BDF5 /* PhotoDetailsView.swift */,
			);
			path = PhotoDetails;
			sourceTree = "<group>";
		};
		AB21E26C28662D0E0014BDF5 /* PhotosList */ = {
			isa = PBXGroup;
			children = (
				AB21E26F28662D0E0014BDF5 /* PhotosListViewModel.swift */,
				AB21E27028662D0E0014BDF5 /* PhotosListView.swift */,
			);
			path = PhotosList;
			sourceTree = "<group>";
		};
		AB21E27128662D0E0014BDF5 /* Helpers */ = {
			isa = PBXGroup;
			children = (
				FCD591C02FEC6B1A003B0772 /* Style.swift */,
				AB21E27228662D0E0014BDF5 /* StorageHelper.swift */,
				AB21E27328662D0E0014BDF5 /* Defines.swift */,
			);
			path = Helpers;
			sourceTree = "<group>";
		};
		AB21E27528662D0E0014BDF5 /* Models */ = {
			isa = PBXGroup;
			children = (
				AB17127E287A1D62000CE259 /* PhotosResponse.swift */,
				AB171280287A1E84000CE259 /* CollectionsResponse.swift */,
				AB93A2962870F76F00771549 /* Links.swift */,
			);
			path = Models;
			sourceTree = "<group>";
		};
		AB93A245286F783100771549 /* Networking */ = {
			isa = PBXGroup;
			children = (
				AB21E25C28662D0E0014BDF5 /* NetworkService.swift */,
				AB93A260286F783100771549 /* RsAPIError.swift */,
			);
			path = Networking;
			sourceTree = "<group>";
		};
		ABCF4B5F2866542600F7984B /* Application */ = {
			isa = PBXGroup;
			children = (
				AB21E23628662B330014BDF5 /* CatsSimpleAppApp.swift */,
				AB21E26228662D0E0014BDF5 /* AppRouter.swift */,
			);
			path = Application;
			sourceTree = "<group>";
		};
		ABEF189928F335CD00250648 /* BreedsList */ = {
			isa = PBXGroup;
			children = (
				ABEF18A028F3364700250648 /* BreedsListViewModel.swift */,
				ABEF189C28F3361E00250648 /* BreedsListView.swift */,
			);
			path = BreedsList;
			sourceTree = "<group>";
		};
		ABEF18A928F3517800250648 /* BreedDetails */ = {
			isa = PBXGroup;
			children = (
				ABEF18AC28F351FA00250648 /* BreedDetailsViewModel.swift */,
				ABEF18B028F3533A00250648 /* BreedDetailsView.swift */,
			);
			path = BreedDetails;
			sourceTree = "<group>";
		};
		FCD591C42FEC733E003B0772 /* Resources */ = {
			isa = PBXGroup;
			children = (
				FCD591C82FEC7383003B0772 /* Localizable.xcstrings */,
			);
			path = Resources;
			sourceTree = "<group>";
		};
/* End PBXGroup section */

/* Begin PBXNativeTarget section */
		AB21E23228662B330014BDF5 /* CatsSimpleApp */ = {
			isa = PBXNativeTarget;
			buildConfigurationList = AB21E24728662B350014BDF5 /* Build configuration list for PBXNativeTarget "CatsSimpleApp" */;
			buildPhases = (
				AB21E22F28662B330014BDF5 /* Sources */,
				AB21E23028662B330014BDF5 /* Frameworks */,
				AB21E23128662B330014BDF5 /* Resources */,
			);
			buildRules = (
			);
			dependencies = (
			);
			name = CatsSimpleApp;
			productName = RocketsSchedule;
			productReference = AB21E23328662B330014BDF5 /* CatsSimpleApp.app */;
			productType = "com.apple.product-type.application";
		};
/* End PBXNativeTarget section */

/* Begin PBXProject section */
		AB21E22B28662B330014BDF5 /* Project object */ = {
			isa = PBXProject;
			attributes = {
				BuildIndependentTargetsInParallel = 1;
				LastSwiftUpdateCheck = 1330;
				LastUpgradeCheck = 2650;
				TargetAttributes = {
					AB21E23228662B330014BDF5 = {
						CreatedOnToolsVersion = 13.3.1;
					};
				};
			};
			buildConfigurationList = AB21E22E28662B330014BDF5 /* Build configuration list for PBXProject "CatsSimpleApp" */;
			compatibilityVersion = "Xcode 13.0";
			developmentRegion = en;
			hasScannedForEncodings = 0;
			knownRegions = (
				en,
				Base,
			);
			mainGroup = AB21E22A28662B330014BDF5;
			packageReferences = (
			);
			productRefGroup = AB21E23428662B330014BDF5 /* Products */;
			projectDirPath = "";
			projectRoot = "";
			targets = (
				AB21E23228662B330014BDF5 /* CatsSimpleApp */,
			);
		};
/* End PBXProject section */

/* Begin PBXResourcesBuildPhase section */
		AB21E23128662B330014BDF5 /* Resources */ = {
			isa = PBXResourcesBuildPhase;
			buildActionMask = 2147483647;
			files = (
				AB21E24028662B350014BDF5 /* Assets.xcassets in Resources */,
				FCD591C92FEC7383003B0772 /* Localizable.xcstrings in Resources */,
			);
			runOnlyForDeploymentPostprocessing = 0;
		};
/* End PBXResourcesBuildPhase section */

/* Begin PBXSourcesBuildPhase section */
		AB21E22F28662B330014BDF5 /* Sources */ = {
			isa = PBXSourcesBuildPhase;
			buildActionMask = 2147483647;
			files = (
				AB21E29028662D0E0014BDF5 /* PhotosListViewModel.swift in Sources */,
				AB21E29228662D0E0014BDF5 /* StorageHelper.swift in Sources */,
				AB93A28B286F93C700771549 /* PhotosLoader.swift in Sources */,
				AB21E29128662D0E0014BDF5 /* PhotosListView.swift in Sources */,
				AB93A27F286F783100771549 /* RsAPIError.swift in Sources */,
				FCD591C32FEC7239003B0772 /* String+URL.swift in Sources */,
				ABEF18B528F364AF00250648 /* TagsRow.swift in Sources */,
				AB17127F287A1D62000CE259 /* PhotosResponse.swift in Sources */,
				ABEF18A528F33CBE00250648 /* BreedRow.swift in Sources */,
				ABEF18A828F33ED400250648 /* BreedsLoader.swift in Sources */,
				AB93A2972870F76F00771549 /* Links.swift in Sources */,
				AB21E28728662D0E0014BDF5 /* AppRouter.swift in Sources */,
				AB21E28C28662D0E0014BDF5 /* PhotoDetailsView.swift in Sources */,
				AB93A29E28720D4500771549 /* PhotoDetailsHeaderView.swift in Sources */,
				ABEF18BF28F3651F00250648 /* LinkRow.swift in Sources */,
				AB21E29328662D0E0014BDF5 /* Defines.swift in Sources */,
				AB21E28628662D0E0014BDF5 /* ServiceHolder.swift in Sources */,
				AB21E28428662D0E0014BDF5 /* NetworkService.swift in Sources */,
				ABEF18A128F3364700250648 /* BreedsListViewModel.swift in Sources */,
				ABEF189D28F3361E00250648 /* BreedsListView.swift in Sources */,
				ABEF18BA28F364F000250648 /* RatingRow.swift in Sources */,
				FCD591C12FEC6B1D003B0772 /* Style.swift in Sources */,
				FCD591BF2FEC6A9E003B0772 /* View+.swift in Sources */,
				AB21E23728662B330014BDF5 /* CatsSimpleAppApp.swift in Sources */,
				ABEF18AD28F351FA00250648 /* BreedDetailsViewModel.swift in Sources */,
				AB93A2B828723E6000771549 /* ImageTextRow.swift in Sources */,
				ABEF18B128F3533A00250648 /* BreedDetailsView.swift in Sources */,
				AB171281287A1E84000CE259 /* CollectionsResponse.swift in Sources */,
				AB21E28A28662D0E0014BDF5 /* PhotoDetailsViewModel.swift in Sources */,
				AB93A2B328723CD300771549 /* TextDescriptionRow.swift in Sources */,
			);
			runOnlyForDeploymentPostprocessing = 0;
		};
/* End PBXSourcesBuildPhase section */

/* Begin XCBuildConfiguration section */
		AB21E24528662B350014BDF5 /* Debug */ = {
			isa = XCBuildConfiguration;
			buildSettings = {
				ALWAYS_SEARCH_USER_PATHS = NO;
				CLANG_ANALYZER_NONNULL = YES;
				CLANG_ANALYZER_NUMBER_OBJECT_CONVERSION = YES_AGGRESSIVE;
				CLANG_CXX_LANGUAGE_STANDARD = "gnu++17";
				CLANG_ENABLE_MODULES = YES;
				CLANG_ENABLE_OBJC_ARC = YES;
				CLANG_ENABLE_OBJC_WEAK = YES;
				CLANG_WARN_BLOCK_CAPTURE_AUTORELEASING = YES;
				CLANG_WARN_BOOL_CONVERSION = YES;
				CLANG_WARN_COMMA = YES;
				CLANG_WARN_CONSTANT_CONVERSION = YES;
				CLANG_WARN_DEPRECATED_OBJC_IMPLEMENTATIONS = YES;
				CLANG_WARN_DIRECT_OBJC_ISA_USAGE = YES_ERROR;
				CLANG_WARN_DOCUMENTATION_COMMENTS = YES;
				CLANG_WARN_EMPTY_BODY = YES;
				CLANG_WARN_ENUM_CONVERSION = YES;
				CLANG_WARN_INFINITE_RECURSION = YES;
				CLANG_WARN_INT_CONVERSION = YES;
				CLANG_WARN_NON_LITERAL_NULL_CONVERSION = YES;
				CLANG_WARN_OBJC_IMPLICIT_RETAIN_SELF = YES;
				CLANG_WARN_OBJC_LITERAL_CONVERSION = YES;
				CLANG_WARN_OBJC_ROOT_CLASS = YES_ERROR;
				CLANG_WARN_QUOTED_INCLUDE_IN_FRAMEWORK_HEADER = YES;
				CLANG_WARN_RANGE_LOOP_ANALYSIS = YES;
				CLANG_WARN_STRICT_PROTOTYPES = YES;
				CLANG_WARN_SUSPICIOUS_MOVE = YES;
				CLANG_WARN_UNGUARDED_AVAILABILITY = YES_AGGRESSIVE;
				CLANG_WARN_UNREACHABLE_CODE = YES;
				CLANG_WARN__DUPLICATE_METHOD_MATCH = YES;
				COPY_PHASE_STRIP = NO;
				DEBUG_INFORMATION_FORMAT = dwarf;
				DEVELOPMENT_TEAM = 5AF75H34W7;
				ENABLE_STRICT_OBJC_MSGSEND = YES;
				ENABLE_TESTABILITY = YES;
				ENABLE_USER_SCRIPT_SANDBOXING = YES;
				GCC_C_LANGUAGE_STANDARD = gnu11;
				GCC_DYNAMIC_NO_PIC = NO;
				GCC_NO_COMMON_BLOCKS = YES;
				GCC_OPTIMIZATION_LEVEL = 0;
				GCC_PREPROCESSOR_DEFINITIONS = (
					"DEBUG=1",
					"$(inherited)",
				);
				GCC_WARN_64_TO_32_BIT_CONVERSION = YES;
				GCC_WARN_ABOUT_RETURN_TYPE = YES_ERROR;
				GCC_WARN_UNDECLARED_SELECTOR = YES;
				GCC_WARN_UNINITIALIZED_AUTOS = YES_AGGRESSIVE;
				GCC_WARN_UNUSED_FUNCTION = YES;
				GCC_WARN_UNUSED_VARIABLE = YES;
				IPHONEOS_DEPLOYMENT_TARGET = 13.0;
				LOCALIZATION_PREFERS_STRING_CATALOGS = YES;
				MTL_ENABLE_DEBUG_INFO = INCLUDE_SOURCE;
				MTL_FAST_MATH = YES;
				ONLY_ACTIVE_ARCH = YES;
				SDKROOT = iphoneos;
				STRING_CATALOG_GENERATE_SYMBOLS = YES;
				SWIFT_ACTIVE_COMPILATION_CONDITIONS = DEBUG;
				SWIFT_EMIT_LOC_STRINGS = YES;
				SWIFT_OPTIMIZATION_LEVEL = "-Onone";
			};
			name = Debug;
		};
		AB21E24628662B350014BDF5 /* Release */ = {
			isa = XCBuildConfiguration;
			buildSettings = {
				ALWAYS_SEARCH_USER_PATHS = NO;
				CLANG_ANALYZER_NONNULL = YES;
				CLANG_ANALYZER_NUMBER_OBJECT_CONVERSION = YES_AGGRESSIVE;
				CLANG_CXX_LANGUAGE_STANDARD = "gnu++17";
				CLANG_ENABLE_MODULES = YES;
				CLANG_ENABLE_OBJC_ARC = YES;
				CLANG_ENABLE_OBJC_WEAK = YES;
				CLANG_WARN_BLOCK_CAPTURE_AUTORELEASING = YES;
				CLANG_WARN_BOOL_CONVERSION = YES;
				CLANG_WARN_COMMA = YES;
				CLANG_WARN_CONSTANT_CONVERSION = YES;
				CLANG_WARN_DEPRECATED_OBJC_IMPLEMENTATIONS = YES;
				CLANG_WARN_DIRECT_OBJC_ISA_USAGE = YES_ERROR;
				CLANG_WARN_DOCUMENTATION_COMMENTS = YES;
				CLANG_WARN_EMPTY_BODY = YES;
				CLANG_WARN_ENUM_CONVERSION = YES;
				CLANG_WARN_INFINITE_RECURSION = YES;
				CLANG_WARN_INT_CONVERSION = YES;
				CLANG_WARN_NON_LITERAL_NULL_CONVERSION = YES;
				CLANG_WARN_OBJC_IMPLICIT_RETAIN_SELF = YES;
				CLANG_WARN_OBJC_LITERAL_CONVERSION = YES;
				CLANG_WARN_OBJC_ROOT_CLASS = YES_ERROR;
				CLANG_WARN_QUOTED_INCLUDE_IN_FRAMEWORK_HEADER = YES;
				CLANG_WARN_RANGE_LOOP_ANALYSIS = YES;
				CLANG_WARN_STRICT_PROTOTYPES = YES;
				CLANG_WARN_SUSPICIOUS_MOVE = YES;
				CLANG_WARN_UNGUARDED_AVAILABILITY = YES_AGGRESSIVE;
				CLANG_WARN_UNREACHABLE_CODE = YES;
				CLANG_WARN__DUPLICATE_METHOD_MATCH = YES;
				COPY_PHASE_STRIP = NO;
				DEBUG_INFORMATION_FORMAT = "dwarf-with-dsym";
				DEVELOPMENT_TEAM = 5AF75H34W7;
				ENABLE_NS_ASSERTIONS = NO;
				ENABLE_STRICT_OBJC_MSGSEND = YES;
				ENABLE_USER_SCRIPT_SANDBOXING = YES;
				GCC_C_LANGUAGE_STANDARD = gnu11;
				GCC_NO_COMMON_BLOCKS = YES;
				GCC_WARN_64_TO_32_BIT_CONVERSION = YES;
				GCC_WARN_ABOUT_RETURN_TYPE = YES_ERROR;
				GCC_WARN_UNDECLARED_SELECTOR = YES;
				GCC_WARN_UNINITIALIZED_AUTOS = YES_AGGRESSIVE;
				GCC_WARN_UNUSED_FUNCTION = YES;
				GCC_WARN_UNUSED_VARIABLE = YES;
				IPHONEOS_DEPLOYMENT_TARGET = 13.0;
				LOCALIZATION_PREFERS_STRING_CATALOGS = YES;
				MTL_ENABLE_DEBUG_INFO = NO;
				MTL_FAST_MATH = YES;
				SDKROOT = iphoneos;
				STRING_CATALOG_GENERATE_SYMBOLS = YES;
				SWIFT_COMPILATION_MODE = wholemodule;
				SWIFT_EMIT_LOC_STRINGS = YES;
				SWIFT_OPTIMIZATION_LEVEL = "-O";
				VALIDATE_PRODUCT = YES;
			};
			name = Release;
		};
		AB21E24828662B350014BDF5 /* Debug */ = {
			isa = XCBuildConfiguration;
			buildSettings = {
				ASSETCATALOG_COMPILER_APPICON_NAME = AppIcon;
				ASSETCATALOG_COMPILER_GLOBAL_ACCENT_COLOR_NAME = AccentColor;
				CODE_SIGN_STYLE = Automatic;
				CURRENT_PROJECT_VERSION = 1;
				GENERATE_INFOPLIST_FILE = YES;
				INFOPLIST_FILE = CatsSimpleApp/Info.plist;
				INFOPLIST_KEY_CFBundleDisplayName = CatsSimpleApp;
				INFOPLIST_KEY_LSApplicationCategoryType = "public.app-category.education";
				INFOPLIST_KEY_UIApplicationSupportsIndirectInputEvents = YES;
				INFOPLIST_KEY_UISupportedInterfaceOrientations = UIInterfaceOrientationPortrait;
				INFOPLIST_KEY_UISupportedInterfaceOrientations_iPad = "UIInterfaceOrientationLandscapeLeft UIInterfaceOrientationLandscapeRight UIInterfaceOrientationPortrait UIInterfaceOrientationPortraitUpsideDown";
				IPHONEOS_DEPLOYMENT_TARGET = 18.6;
				LD_RUNPATH_SEARCH_PATHS = (
					"$(inherited)",
					"@executable_path/Frameworks",
				);
				MARKETING_VERSION = 2.0;
				PRODUCT_BUNDLE_IDENTIFIER = com.tnieizviestna.CatsSimpleApp;
				PRODUCT_NAME = "$(TARGET_NAME)";
				SUPPORTED_PLATFORMS = "iphoneos iphonesimulator";
				SUPPORTS_MACCATALYST = NO;
				SUPPORTS_MAC_DESIGNED_FOR_IPHONE_IPAD = NO;
				SUPPORTS_XR_DESIGNED_FOR_IPHONE_IPAD = NO;
				SWIFT_EMIT_LOC_STRINGS = YES;
				SWIFT_VERSION = 5.0;
				TARGETED_DEVICE_FAMILY = 1;
			};
			name = Debug;
		};
		AB21E24928662B350014BDF5 /* Release */ = {
			isa = XCBuildConfiguration;
			buildSettings = {
				ASSETCATALOG_COMPILER_APPICON_NAME = AppIcon;
				ASSETCATALOG_COMPILER_GLOBAL_ACCENT_COLOR_NAME = AccentColor;
				CODE_SIGN_STYLE = Automatic;
				CURRENT_PROJECT_VERSION = 1;
				GENERATE_INFOPLIST_FILE = YES;
				INFOPLIST_FILE = CatsSimpleApp/Info.plist;
				INFOPLIST_KEY_CFBundleDisplayName = CatsSimpleApp;
				INFOPLIST_KEY_LSApplicationCategoryType = "public.app-category.education";
				INFOPLIST_KEY_UIApplicationSupportsIndirectInputEvents = YES;
				INFOPLIST_KEY_UISupportedInterfaceOrientations = UIInterfaceOrientationPortrait;
				INFOPLIST_KEY_UISupportedInterfaceOrientations_iPad = "UIInterfaceOrientationLandscapeLeft UIInterfaceOrientationLandscapeRight UIInterfaceOrientationPortrait UIInterfaceOrientationPortraitUpsideDown";
				IPHONEOS_DEPLOYMENT_TARGET = 18.6;
				LD_RUNPATH_SEARCH_PATHS = (
					"$(inherited)",
					"@executable_path/Frameworks",
				);
				MARKETING_VERSION = 2.0;
				PRODUCT_BUNDLE_IDENTIFIER = com.tnieizviestna.CatsSimpleApp;
				PRODUCT_NAME = "$(TARGET_NAME)";
				SUPPORTED_PLATFORMS = "iphoneos iphonesimulator";
				SUPPORTS_MACCATALYST = NO;
				SUPPORTS_MAC_DESIGNED_FOR_IPHONE_IPAD = NO;
				SUPPORTS_XR_DESIGNED_FOR_IPHONE_IPAD = NO;
				SWIFT_EMIT_LOC_STRINGS = YES;
				SWIFT_VERSION = 5.0;
				TARGETED_DEVICE_FAMILY = 1;
			};
			name = Release;
		};
/* End XCBuildConfiguration section */

/* Begin XCConfigurationList section */
		AB21E22E28662B330014BDF5 /* Build configuration list for PBXProject "CatsSimpleApp" */ = {
			isa = XCConfigurationList;
			buildConfigurations = (
				AB21E24528662B350014BDF5 /* Debug */,
				AB21E24628662B350014BDF5 /* Release */,
			);
			defaultConfigurationIsVisible = 0;
			defaultConfigurationName = Release;
		};
		AB21E24728662B350014BDF5 /* Build configuration list for PBXNativeTarget "CatsSimpleApp" */ = {
			isa = XCConfigurationList;
			buildConfigurations = (
				AB21E24828662B350014BDF5 /* Debug */,
				AB21E24928662B350014BDF5 /* Release */,
			);
			defaultConfigurationIsVisible = 0;
			defaultConfigurationName = Release;
		};
/* End XCConfigurationList section */
	};
	rootObject = AB21E22B28662B330014BDF5 /* Project object */;
}
